// !$*UTF8*$!
{
	archiveVersion = 1;
	classes = {
	};
	objectVersion = 48;
	objects = {

/* Begin PBXBuildFile section */
		DA071B4D1FCBECEB0060DBBC /* DatabaseSearchItem.swift in Sources */ = {isa = PBXBuildFile; fileRef = DA071B4C1FCBECEB0060DBBC /* DatabaseSearchItem.swift */; };
		DA071B4F1FCBF1D80060DBBC /* DatabaseSearchCell.swift in Sources */ = {isa = PBXBuildFile; fileRef = DA071B4E1FCBF1D80060DBBC /* DatabaseSearchCell.swift */; };
		DA071B581FCEE0A30060DBBC /* ArtistViewController.swift in Sources */ = {isa = PBXBuildFile; fileRef = DA071B571FCEE0A30060DBBC /* ArtistViewController.swift */; };
		DA07EB9A1FD01E7300B0B0A3 /* ArtistRelease.swift in Sources */ = {isa = PBXBuildFile; fileRef = DA07EB991FD01E7300B0B0A3 /* ArtistRelease.swift */; };
		DA07EB9C1FD11EFD00B0B0A3 /* ReleaseViewController.swift in Sources */ = {isa = PBXBuildFile; fileRef = DA07EB9B1FD11EFD00B0B0A3 /* ReleaseViewController.swift */; };
		DA07EB9E1FD1462B00B0B0A3 /* Track.swift in Sources */ = {isa = PBXBuildFile; fileRef = DA07EB9D1FD1462B00B0B0A3 /* Track.swift */; };
		DA07EBA01FD1463F00B0B0A3 /* TrackCollection.swift in Sources */ = {isa = PBXBuildFile; fileRef = DA07EB9F1FD1463F00B0B0A3 /* TrackCollection.swift */; };
		DA47B5302168DAA700E06C78 /* ArtistReleaseCell.swift in Sources */ = {isa = PBXBuildFile; fileRef = DA47B52F2168DAA700E06C78 /* ArtistReleaseCell.swift */; };
		DA47B53221691B1B00E06C78 /* DatabaseSearchModel.swift in Sources */ = {isa = PBXBuildFile; fileRef = DA47B53121691B1B00E06C78 /* DatabaseSearchModel.swift */; };
		DAB006D81FC7E10100D667C1 /* AppDelegate.swift in Sources */ = {isa = PBXBuildFile; fileRef = DAB006D71FC7E10100D667C1 /* AppDelegate.swift */; };
		DAB006DA1FC7E10100D667C1 /* DatabaseSearchController.swift in Sources */ = {isa = PBXBuildFile; fileRef = DAB006D91FC7E10100D667C1 /* DatabaseSearchController.swift */; };
		DAB006DD1FC7E10100D667C1 /* Main.storyboard in Resources */ = {isa = PBXBuildFile; fileRef = DAB006DB1FC7E10100D667C1 /* Main.storyboard */; };
		DAB006DF1FC7E10100D667C1 /* Assets.xcassets in Resources */ = {isa = PBXBuildFile; fileRef = DAB006DE1FC7E10100D667C1 /* Assets.xcassets */; };
		DAB006E21FC7E10100D667C1 /* LaunchScreen.storyboard in Resources */ = {isa = PBXBuildFile; fileRef = DAB006E01FC7E10100D667C1 /* LaunchScreen.storyboard */; };
		DAB006ED1FC7E10100D667C1 /* DiscogsDatabaseTests.swift in Sources */ = {isa = PBXBuildFile; fileRef = DAB006EC1FC7E10100D667C1 /* DiscogsDatabaseTests.swift */; };
		DAB006F81FC7E10100D667C1 /* DiscogsDatabaseUITests.swift in Sources */ = {isa = PBXBuildFile; fileRef = DAB006F71FC7E10100D667C1 /* DiscogsDatabaseUITests.swift */; };
/* End PBXBuildFile section */

/* Begin PBXContainerItemProxy section */
		DAB006E91FC7E10100D667C1 /* PBXContainerItemProxy */ = {
			isa = PBXContainerItemProxy;
			containerPortal = DAB006CC1FC7E10100D667C1 /* Project object */;
			proxyType = 1;
			remoteGlobalIDString = DAB006D31FC7E10100D667C1;
			remoteInfo = DiscogsDatabase;
		};
		DAB006F41FC7E10100D667C1 /* PBXContainerItemProxy */ = {
			isa = PBXContainerItemProxy;
			containerPortal = DAB006CC1FC7E10100D667C1 /* Project object */;
			proxyType = 1;
			remoteGlobalIDString = DAB006D31FC7E10100D667C1;
			remoteInfo = DiscogsDatabase;
		};
/* End PBXContainerItemProxy section */

/* Begin PBXFileReference section */
		DA071B4C1FCBECEB0060DBBC /* DatabaseSearchItem.swift */ = {isa = PBXFileReference; lastKnownFileType = sourcecode.swift; path = DatabaseSearchItem.swift; sourceTree = "<group>"; };
		DA071B4E1FCBF1D80060DBBC /* DatabaseSearchCell.swift */ = {isa = PBXFileReference; lastKnownFileType = sourcecode.swift; path = DatabaseSearchCell.swift; sourceTree = "<group>"; };
		DA071B571FCEE0A30060DBBC /* ArtistViewController.swift */ = {isa = PBXFileReference; lastKnownFileType = sourcecode.swift; path = ArtistViewController.swift; sourceTree = "<group>"; };
		DA07EB991FD01E7300B0B0A3 /* ArtistRelease.swift */ = {isa = PBXFileReference; lastKnownFileType = sourcecode.swift; path = ArtistRelease.swift; sourceTree = "<group>"; };
		DA07EB9B1FD11EFD00B0B0A3 /* ReleaseViewController.swift */ = {isa = PBXFileReference; lastKnownFileType = sourcecode.swift; path = ReleaseViewController.swift; sourceTree = "<group>"; };
		DA07EB9D1FD1462B00B0B0A3 /* Track.swift */ = {isa = PBXFileReference; lastKnownFileType = sourcecode.swift; path = Track.swift; sourceTree = "<group>"; };
		DA07EB9F1FD1463F00B0B0A3 /* TrackCollection.swift */ = {isa = PBXFileReference; lastKnownFileType = sourcecode.swift; path = TrackCollection.swift; sourceTree = "<group>"; };
		DA47B52F2168DAA700E06C78 /* ArtistReleaseCell.swift */ = {isa = PBXFileReference; lastKnownFileType = sourcecode.swift; path = ArtistReleaseCell.swift; sourceTree = "<group>"; };
		DA47B53121691B1B00E06C78 /* DatabaseSearchModel.swift */ = {isa = PBXFileReference; lastKnownFileType = sourcecode.swift; path = DatabaseSearchModel.swift; sourceTree = "<group>"; };
		DAB006D41FC7E10100D667C1 /* DiscogsDatabase.app */ = {isa = PBXFileReference; explicitFileType = wrapper.application; includeInIndex = 0; path = DiscogsDatabase.app; sourceTree = BUILT_PRODUCTS_DIR; };
		DAB006D71FC7E10100D667C1 /* AppDelegate.swift */ = {isa = PBXFileReference; lastKnownFileType = sourcecode.swift; path = AppDelegate.swift; sourceTree = "<group>"; };
		DAB006D91FC7E10100D667C1 /* DatabaseSearchController.swift */ = {isa = PBXFileReference; lastKnownFileType = sourcecode.swift; path = DatabaseSearchController.swift; sourceTree = "<group>"; };
		DAB006DC1FC7E10100D667C1 /* Base */ = {isa = PBXFileReference; lastKnownFileType = file.storyboard; name = Base; path = Base.lproj/Main.storyboard; sourceTree = "<group>"; };
		DAB006DE1FC7E10100D667C1 /* Assets.xcassets */ = {isa = PBXFileReference; lastKnownFileType = folder.assetcatalog; path = Assets.xcassets; sourceTree = "<group>"; };
		DAB006E11FC7E10100D667C1 /* Base */ = {isa = PBXFileReference; lastKnownFileType = file.storyboard; name = Base; path = Base.lproj/LaunchScreen.storyboard; sourceTree = "<group>"; };
		DAB006E31FC7E10100D667C1 /* Info.plist */ = {isa = PBXFileReference; lastKnownFileType = text.plist.xml; path = Info.plist; sourceTree = "<group>"; };
		DAB006E81FC7E10100D667C1 /* DiscogsDatabaseTests.xctest */ = {isa = PBXFileReference; explicitFileType = wrapper.cfbundle; includeInIndex = 0; path = DiscogsDatabaseTests.xctest; sourceTree = BUILT_PRODUCTS_DIR; };
		DAB006EC1FC7E10100D667C1 /* DiscogsDatabaseTests.swift */ = {isa = PBXFileReference; lastKnownFileType = sourcecode.swift; path = DiscogsDatabaseTests.swift; sourceTree = "<group>"; };
		DAB006EE1FC7E10100D667C1 /* Info.plist */ = {isa = PBXFileReference; lastKnownFileType = text.plist.xml; path = Info.plist; sourceTree = "<group>"; };
		DAB006F31FC7E10100D667C1 /* DiscogsDatabaseUITests.xctest */ = {isa = PBXFileReference; explicitFileType = wrapper.cfbundle; includeInIndex = 0; path = DiscogsDatabaseUITests.xctest; sourceTree = BUILT_PRODUCTS_DIR; };
		DAB006F71FC7E10100D667C1 /* DiscogsDatabaseUITests.swift */ = {isa = PBXFileReference; lastKnownFileType = sourcecode.swift; path = DiscogsDatabaseUITests.swift; sourceTree = "<group>"; };
		DAB006F91FC7E10100D667C1 /* Info.plist */ = {isa = PBXFileReference; lastKnownFileType = text.plist.xml; path = Info.plist; sourceTree = "<group>"; };
/* End PBXFileReference section */

/* Begin PBXFrameworksBuildPhase section */
		DAB006D11FC7E10100D667C1 /* Frameworks */ = {
			isa = PBXFrameworksBuildPhase;
			buildActionMask = 2147483647;
			files = (
			);
			runOnlyForDeploymentPostprocessing = 0;
		};
		DAB006E51FC7E10100D667C1 /* Frameworks */ = {
			isa = PBXFrameworksBuildPhase;
			buildActionMask = 2147483647;
			files = (
			);
			runOnlyForDeploymentPostprocessing = 0;
		};
		DAB006F01FC7E10100D667C1 /* Frameworks */ = {
			isa = PBXFrameworksBuildPhase;
			buildActionMask = 2147483647;
			files = (
			);
			runOnlyForDeploymentPostprocessing = 0;
		};
/* End PBXFrameworksBuildPhase section */

/* Begin PBXGroup section */
		DAB006CB1FC7E10100D667C1 = {
			isa = PBXGroup;
			children = (
				DAB006D61FC7E10100D667C1 /* DiscogsDatabase */,
				DAB006EB1FC7E10100D667C1 /* DiscogsDatabaseTests */,
				DAB006F61FC7E10100D667C1 /* DiscogsDatabaseUITests */,
				DAB006D51FC7E10100D667C1 /* Products */,
			);
			sourceTree = "<group>";
		};
		DAB006D51FC7E10100D667C1 /* Products */ = {
			isa = PBXGroup;
			children = (
				DAB006D41FC7E10100D667C1 /* DiscogsDatabase.app */,
				DAB006E81FC7E10100D667C1 /* DiscogsDatabaseTests.xctest */,
				DAB006F31FC7E10100D667C1 /* DiscogsDatabaseUITests.xctest */,
			);
			name = Products;
			sourceTree = "<group>";
		};
		DAB006D61FC7E10100D667C1 /* DiscogsDatabase */ = {
			isa = PBXGroup;
			children = (
				DAB006D71FC7E10100D667C1 /* AppDelegate.swift */,
				DA071B4C1FCBECEB0060DBBC /* DatabaseSearchItem.swift */,
				DA071B4E1FCBF1D80060DBBC /* DatabaseSearchCell.swift */,
				DA47B53121691B1B00E06C78 /* DatabaseSearchModel.swift */,
				DAB006D91FC7E10100D667C1 /* DatabaseSearchController.swift */,
				DA07EB991FD01E7300B0B0A3 /* ArtistRelease.swift */,
				DA47B52F2168DAA700E06C78 /* ArtistReleaseCell.swift */,
				DA071B571FCEE0A30060DBBC /* ArtistViewController.swift */,
				DA07EB9D1FD1462B00B0B0A3 /* Track.swift */,
				DA07EB9F1FD1463F00B0B0A3 /* TrackCollection.swift */,
				DA07EB9B1FD11EFD00B0B0A3 /* ReleaseViewController.swift */,
				DAB006DB1FC7E10100D667C1 /* Main.storyboard */,
				DAB006E01FC7E10100D667C1 /* LaunchScreen.storyboard */,
				DAB006E31FC7E10100D667C1 /* Info.plist */,
				DAB006DE1FC7E10100D667C1 /* Assets.xcassets */,
			);
			path = DiscogsDatabase;
			sourceTree = "<group>";
		};
		DAB006EB1FC7E10100D667C1 /* DiscogsDatabaseTests */ = {
			isa = PBXGroup;
			children = (
				DAB006EC1FC7E10100D667C1 /* DiscogsDatabaseTests.swift */,
				DAB006EE1FC7E10100D667C1 /* Info.plist */,
			);
			path = DiscogsDatabaseTests;
			sourceTree = "<group>";
		};
		DAB006F61FC7E10100D667C1 /* DiscogsDatabaseUITests */ = {
			isa = PBXGroup;
			children = (
				DAB006F71FC7E10100D667C1 /* DiscogsDatabaseUITests.swift */,
				DAB006F91FC7E10100D667C1 /* Info.plist */,
			);
			path = DiscogsDatabaseUITests;
			sourceTree = "<group>";
		};
/* End PBXGroup section */

/* Begin PBXNativeTarget section */
		DAB006D31FC7E10100D667C1 /* DiscogsDatabase */ = {
			isa = PBXNativeTarget;
			buildConfigurationList = DAB006FC1FC7E10100D667C1 /* Build configuration list for PBXNativeTarget "DiscogsDatabase" */;
			buildPhases = (
				DAB006D01FC7E10100D667C1 /* Sources */,
				DAB006D11FC7E10100D667C1 /* Frameworks */,
				DAB006D21FC7E10100D667C1 /* Resources */,
			);
			buildRules = (
			);
			dependencies = (
			);
			name = DiscogsDatabase;
			productName = DiscogsDatabase;
			productReference = DAB006D41FC7E10100D667C1 /* DiscogsDatabase.app */;
			productType = "com.apple.product-type.application";
		};
		DAB006E71FC7E10100D667C1 /* DiscogsDatabaseTests */ = {
			isa = PBXNativeTarget;
			buildConfigurationList = DAB006FF1FC7E10100D667C1 /* Build configuration list for PBXNativeTarget "DiscogsDatabaseTests" */;
			buildPhases = (
				DAB006E41FC7E10100D667C1 /* Sources */,
				DAB006E51FC7E10100D667C1 /* Frameworks */,
				DAB006E61FC7E10100D667C1 /* Resources */,
			);
			buildRules = (
			);
			dependencies = (
				DAB006EA1FC7E10100D667C1 /* PBXTargetDependency */,
			);
			name = DiscogsDatabaseTests;
			productName = DiscogsDatabaseTests;
			productReference = DAB006E81FC7E10100D667C1 /* DiscogsDatabaseTests.xctest */;
			productType = "com.apple.product-type.bundle.unit-test";
		};
		DAB006F21FC7E10100D667C1 /* DiscogsDatabaseUITests */ = {
			isa = PBXNativeTarget;
			buildConfigurationList = DAB007021FC7E10100D667C1 /* Build configuration list for PBXNativeTarget "DiscogsDatabaseUITests" */;
			buildPhases = (
				DAB006EF1FC7E10100D667C1 /* Sources */,
				DAB006F01FC7E10100D667C1 /* Frameworks */,
				DAB006F11FC7E10100D667C1 /* Resources */,
			);
			buildRules = (
			);
			dependencies = (
				DAB006F51FC7E10100D667C1 /* PBXTargetDependency */,
			);
			name = DiscogsDatabaseUITests;
			productName = DiscogsDatabaseUITests;
			productReference = DAB006F31FC7E10100D667C1 /* DiscogsDatabaseUITests.xctest */;
			productType = "com.apple.product-type.bundle.ui-testing";
		};
/* End PBXNativeTarget section */

/* Begin PBXProject section */
		DAB006CC1FC7E10100D667C1 /* Project object */ = {
			isa = PBXProject;
			attributes = {
				LastSwiftUpdateCheck = 0910;
				LastUpgradeCheck = 1000;
				ORGANIZATIONNAME = "Andy Chukavin";
				TargetAttributes = {
					DAB006D31FC7E10100D667C1 = {
						CreatedOnToolsVersion = 9.1;
						LastSwiftMigration = 1000;
						ProvisioningStyle = Automatic;
					};
					DAB006E71FC7E10100D667C1 = {
						CreatedOnToolsVersion = 9.1;
						LastSwiftMigration = 1000;
						ProvisioningStyle = Automatic;
						TestTargetID = DAB006D31FC7E10100D667C1;
					};
					DAB006F21FC7E10100D667C1 = {
						CreatedOnToolsVersion = 9.1;
						LastSwiftMigration = 1000;
						ProvisioningStyle = Automatic;
						TestTargetID = DAB006D31FC7E10100D667C1;
					};
				};
			};
			buildConfigurationList = DAB006CF1FC7E10100D667C1 /* Build configuration list for PBXProject "DiscogsDatabase" */;
			compatibilityVersion = "Xcode 8.0";
			developmentRegion = en;
			hasScannedForEncodings = 0;
			knownRegions = (
				en,
				Base,
			);
			mainGroup = DAB006CB1FC7E10100D667C1;
			productRefGroup = DAB006D51FC7E10100D667C1 /* Products */;
			projectDirPath = "";
			projectRoot = "";
			targets = (
				DAB006D31FC7E10100D667C1 /* DiscogsDatabase */,
				DAB006E71FC7E10100D667C1 /* DiscogsDatabaseTests */,
				DAB006F21FC7E10100D667C1 /* DiscogsDatabaseUITests */,
			);
		};
/* End PBXProject section */

/* Begin PBXResourcesBuildPhase section */
		DAB006D21FC7E10100D667C1 /* Resources */ = {
			isa = PBXResourcesBuildPhase;
			buildActionMask = 2147483647;
			files = (
				DAB006E21FC7E10100D667C1 /* LaunchScreen.storyboard in Resources */,
				DAB006DF1FC7E10100D667C1 /* Assets.xcassets in Resources */,
				DAB006DD1FC7E10100D667C1 /* Main.storyboard in Resources */,
			);
			runOnlyForDeploymentPostprocessing = 0;
		};
		DAB006E61FC7E10100D667C1 /* Resources */ = {
			isa = PBXResourcesBuildPhase;
			buildActionMask = 2147483647;
			files = (
			);
			runOnlyForDeploymentPostprocessing = 0;
		};
		DAB006F11FC7E10100D667C1 /* Resources */ = {
			isa = PBXResourcesBuildPhase;
			buildActionMask = 2147483647;
			files = (
			);
			runOnlyForDeploymentPostprocessing = 0;
		};
/* End PBXResourcesBuildPhase section */

/* Begin PBXSourcesBuildPhase section */
		DAB006D01FC7E10100D667C1 /* Sources */ = {
			isa = PBXSourcesBuildPhase;
			buildActionMask = 2147483647;
			files = (
				DA47B5302168DAA700E06C78 /* ArtistReleaseCell.swift in Sources */,
				DAB006DA1FC7E10100D667C1 /* DatabaseSearchController.swift in Sources */,
				DA071B4F1FCBF1D80060DBBC /* DatabaseSearchCell.swift in Sources */,
				DA071B4D1FCBECEB0060DBBC /* DatabaseSearchItem.swift in Sources */,
				DA071B581FCEE0A30060DBBC /* ArtistViewController.swift in Sources */,
				DA47B53221691B1B00E06C78 /* DatabaseSearchModel.swift in Sources */,
				DA07EB9E1FD1462B00B0B0A3 /* Track.swift in Sources */,
				DAB006D81FC7E10100D667C1 /* AppDelegate.swift in Sources */,
				DA07EBA01FD1463F00B0B0A3 /* TrackCollection.swift in Sources */,
				DA07EB9C1FD11EFD00B0B0A3 /* ReleaseViewController.swift in Sources */,
				DA07EB9A1FD01E7300B0B0A3 /* ArtistRelease.swift in Sources */,
			);
			runOnlyForDeploymentPostprocessing = 0;
		};
		DAB006E41FC7E10100D667C1 /* Sources */ = {
			isa = PBXSourcesBuildPhase;
			buildActionMask = 2147483647;
			files = (
				DAB006ED1FC7E10100D667C1 /* DiscogsDatabaseTests.swift in Sources */,
			);
			runOnlyForDeploymentPostprocessing = 0;
		};
		DAB006EF1FC7E10100D667C1 /* Sources */ = {
			isa = PBXSourcesBuildPhase;
			buildActionMask = 2147483647;
			files = (
				DAB006F81FC7E10100D667C1 /* DiscogsDatabaseUITests.swift in Sources */,
			);
			runOnlyForDeploymentPostprocessing = 0;
		};
/* End PBXSourcesBuildPhase section */

/* Begin PBXTargetDependency section */
		DAB006EA1FC7E10100D667C1 /* PBXTargetDependency */ = {
			isa = PBXTargetDependency;
			target = DAB006D31FC7E10100D667C1 /* DiscogsDatabase */;
			targetProxy = DAB006E91FC7E10100D667C1 /* PBXContainerItemProxy */;
		};
		DAB006F51FC7E10100D667C1 /* PBXTargetDependency */ = {
			isa = PBXTargetDependency;
			target = DAB006D31FC7E10100D667C1 /* DiscogsDatabase */;
			targetProxy = DAB006F41FC7E10100D667C1 /* PBXContainerItemProxy */;
		};
/* End PBXTargetDependency section */

/* Begin PBXVariantGroup section */
		DAB006DB1FC7E10100D667C1 /* Main.storyboard */ = {
			isa = PBXVariantGroup;
			children = (
				DAB006DC1FC7E10100D667C1 /* Base */,
			);
			name = Main.storyboard;
			sourceTree = "<group>";
		};
		DAB006E01FC7E10100D667C1 /* LaunchScreen.storyboard */ = {
			isa = PBXVariantGroup;
			children = (
				DAB006E11FC7E10100D667C1 /* Base */,
			);
			name = LaunchScreen.storyboard;
			sourceTree = "<group>";
		};
/* End PBXVariantGroup section */

/* Begin XCBuildConfiguration section */
		DAB006FA1FC7E10100D667C1 /* Debug */ = {
			isa = XCBuildConfiguration;
			buildSettings = {
				ALWAYS_SEARCH_USER_PATHS = NO;
				CLANG_ANALYZER_NONNULL = YES;
				CLANG_ANALYZER_NUMBER_OBJECT_CONVERSION = YES_AGGRESSIVE;
				CLANG_CXX_LANGUAGE_STANDARD = "gnu++14";
				CLANG_CXX_LIBRARY = "libc++";
				CLANG_ENABLE_MODULES = YES;
				CLANG_ENABLE_OBJC_ARC = YES;
				CLANG_WARN_BLOCK_CAPTURE_AUTORELEASING = YES;
				CLANG_WARN_BOOL_CONVERSION = YES;
				CLANG_WARN_COMMA = YES;
				CLANG_WARN_CONSTANT_CONVERSION = YES;
				CLANG_WARN_DEPRECATED_OBJC_IMPLEMENTATIONS = YES;
				CLANG_WARN_DIRECT_OBJC_ISA_USAGE = YES_ERROR;
				CLANG_WARN_DOCUMENTATION_COMMENTS = YES;
				CLANG_WARN_EMPTY_BODY = YES;
				CLANG_WARN_ENUM_CONVERSION = YES;
				CLANG_WARN_INFINITE_RECURSION = YES;
				CLANG_WARN_INT_CONVERSION = YES;
				CLANG_WARN_NON_LITERAL_NULL_CONVERSION = YES;
				CLANG_WARN_OBJC_IMPLICIT_RETAIN_SELF = YES;
				CLANG_WARN_OBJC_LITERAL_CONVERSION = YES;
				CLANG_WARN_OBJC_ROOT_CLASS = YES_ERROR;
				CLANG_WARN_RANGE_LOOP_ANALYSIS = YES;
				CLANG_WARN_STRICT_PROTOTYPES = YES;
				CLANG_WARN_SUSPICIOUS_MOVE = YES;
				CLANG_WARN_UNGUARDED_AVAILABILITY = YES_AGGRESSIVE;
				CLANG_WARN_UNREACHABLE_CODE = YES;
				CLANG_WARN__DUPLICATE_METHOD_MATCH = YES;
				CODE_SIGN_IDENTITY = "iPhone Developer";
				COPY_PHASE_STRIP = NO;
				DEBUG_INFORMATION_FORMAT = dwarf;
				ENABLE_STRICT_OBJC_MSGSEND = YES;
				ENABLE_TESTABILITY = YES;
				GCC_C_LANGUAGE_STANDARD = gnu11;
				GCC_DYNAMIC_NO_PIC = NO;
				GCC_NO_COMMON_BLOCKS = YES;
				GCC_OPTIMIZATION_LEVEL = 0;
				GCC_PREPROCESSOR_DEFINITIONS = (
					"DEBUG=1",
					"$(inherited)",
				);
				GCC_WARN_64_TO_32_BIT_CONVERSION = YES;
				GCC_WARN_ABOUT_RETURN_TYPE = YES_ERROR;
				GCC_WARN_UNDECLARED_SELECTOR = YES;
				GCC_WARN_UNINITIALIZED_AUTOS = YES_AGGRESSIVE;
				GCC_WARN_UNUSED_FUNCTION = YES;
				GCC_WARN_UNUSED_VARIABLE = YES;
				IPHONEOS_DEPLOYMENT_TARGET = 11.1;
				MTL_ENABLE_DEBUG_INFO = YES;
				ONLY_ACTIVE_ARCH = YES;
				SDKROOT = iphoneos;
				SWIFT_ACTIVE_COMPILATION_CONDITIONS = DEBUG;
				SWIFT_OPTIMIZATION_LEVEL = "-Onone";
			};
			name = Debug;
		};
		DAB006FB1FC7E10100D667C1 /* Release */ = {
			isa = XCBuildConfiguration;
			buildSettings = {
				ALWAYS_SEARCH_USER_PATHS = NO;
				CLANG_ANALYZER_NONNULL = YES;
				CLANG_ANALYZER_NUMBER_OBJECT_CONVERSION = YES_AGGRESSIVE;
				CLANG_CXX_LANGUAGE_STANDARD = "gnu++14";
				CLANG_CXX_LIBRARY = "libc++";
				CLANG_ENABLE_MODULES = YES;
				CLANG_ENABLE_OBJC_ARC = YES;
				CLANG_WARN_BLOCK_CAPTURE_AUTORELEASING = YES;
				CLANG_WARN_BOOL_CONVERSION = YES;
				CLANG_WARN_COMMA = YES;
				CLANG_WARN_CONSTANT_CONVERSION = YES;
				CLANG_WARN_DEPRECATED_OBJC_IMPLEMENTATIONS = YES;
				CLANG_WARN_DIRECT_OBJC_ISA_USAGE = YES_ERROR;
				CLANG_WARN_DOCUMENTATION_COMMENTS = YES;
				CLANG_WARN_EMPTY_BODY = YES;
				CLANG_WARN_ENUM_CONVERSION = YES;
				CLANG_WARN_INFINITE_RECURSION = YES;
				CLANG_WARN_INT_CONVERSION = YES;
				CLANG_WARN_NON_LITERAL_NULL_CONVERSION = YES;
				CLANG_WARN_OBJC_IMPLICIT_RETAIN_SELF = YES;
				CLANG_WARN_OBJC_LITERAL_CONVERSION = YES;
				CLANG_WARN_OBJC_ROOT_CLASS = YES_ERROR;
				CLANG_WARN_RANGE_LOOP_ANALYSIS = YES;
				CLANG_WARN_STRICT_PROTOTYPES = YES;
				CLANG_WARN_SUSPICIOUS_MOVE = YES;
				CLANG_WARN_UNGUARDED_AVAILABILITY = YES_AGGRESSIVE;
				CLANG_WARN_UNREACHABLE_CODE = YES;
				CLANG_WARN__DUPLICATE_METHOD_MATCH = YES;
				CODE_SIGN_IDENTITY = "iPhone Developer";
				COPY_PHASE_STRIP = NO;
				DEBUG_INFORMATION_FORMAT = "dwarf-with-dsym";
				ENABLE_NS_ASSERTIONS = NO;
				ENABLE_STRICT_OBJC_MSGSEND = YES;
				GCC_C_LANGUAGE_STANDARD = gnu11;
				GCC_NO_COMMON_BLOCKS = YES;
				GCC_WARN_64_TO_32_BIT_CONVERSION = YES;
				GCC_WARN_ABOUT_RETURN_TYPE = YES_ERROR;
				GCC_WARN_UNDECLARED_SELECTOR = YES;
				GCC_WARN_UNINITIALIZED_AUTOS = YES_AGGRESSIVE;
				GCC_WARN_UNUSED_FUNCTION = YES;
				GCC_WARN_UNUSED_VARIABLE = YES;
				IPHONEOS_DEPLOYMENT_TARGET = 11.1;
				MTL_ENABLE_DEBUG_INFO = NO;
				SDKROOT = iphoneos;
				SWIFT_OPTIMIZATION_LEVEL = "-Owholemodule";
				VALIDATE_PRODUCT = YES;
			};
			name = Release;
		};
		DAB006FD1FC7E10100D667C1 /* Debug */ = {
			isa = XCBuildConfiguration;
			buildSettings = {
				ASSETCATALOG_COMPILER_APPICON_NAME = AppIcon;
				CODE_SIGN_STYLE = Automatic;
				INFOPLIST_FILE = DiscogsDatabase/Info.plist;
				LD_RUNPATH_SEARCH_PATHS = "$(inherited) @executable_path/Frameworks";
				PRODUCT_BUNDLE_IDENTIFIER = com.DiscogsDatabase;
				PRODUCT_NAME = "$(TARGET_NAME)";
				SWIFT_VERSION = 4.2;
				TARGETED_DEVICE_FAMILY = "1,2";
			};
			name = Debug;
		};
		DAB006FE1FC7E10100D667C1 /* Release */ = {
			isa = XCBuildConfiguration;
			buildSettings = {
				ASSETCATALOG_COMPILER_APPICON_NAME = AppIcon;
				CODE_SIGN_STYLE = Automatic;
				INFOPLIST_FILE = DiscogsDatabase/Info.plist;
				LD_RUNPATH_SEARCH_PATHS = "$(inherited) @executable_path/Frameworks";
				PRODUCT_BUNDLE_IDENTIFIER = com.DiscogsDatabase;
				PRODUCT_NAME = "$(TARGET_NAME)";
				SWIFT_VERSION = 4.2;
				TARGETED_DEVICE_FAMILY = "1,2";
			};
			name = Release;
		};
		DAB007001FC7E10100D667C1 /* Debug */ = {
			isa = XCBuildConfiguration;
			buildSettings = {
				ALWAYS_EMBED_SWIFT_STANDARD_LIBRARIES = YES;
				BUNDLE_LOADER = "$(TEST_HOST)";
				CODE_SIGN_STYLE = Automatic;
				INFOPLIST_FILE = DiscogsDatabaseTests/Info.plist;
				LD_RUNPATH_SEARCH_PATHS = "$(inherited) @executable_path/Frameworks @loader_path/Frameworks";
				PRODUCT_BUNDLE_IDENTIFIER = com.DiscogsDatabaseTests;
				PRODUCT_NAME = "$(TARGET_NAME)";
				SWIFT_VERSION = 4.2;
				TARGETED_DEVICE_FAMILY = "1,2";
				TEST_HOST = "$(BUILT_PRODUCTS_DIR)/DiscogsDatabase.app/DiscogsDatabase";
			};
			name = Debug;
		};
		DAB007011FC7E10100D667C1 /* Release */ = {
			isa = XCBuildConfiguration;
			buildSettings = {
				ALWAYS_EMBED_SWIFT_STANDARD_LIBRARIES = YES;
				BUNDLE_LOADER = "$(TEST_HOST)";
				CODE_SIGN_STYLE = Automatic;
				INFOPLIST_FILE = DiscogsDatabaseTests/Info.plist;
				LD_RUNPATH_SEARCH_PATHS = "$(inherited) @executable_path/Frameworks @loader_path/Frameworks";
				PRODUCT_BUNDLE_IDENTIFIER = com.DiscogsDatabaseTests;
				PRODUCT_NAME = "$(TARGET_NAME)";
				SWIFT_VERSION = 4.2;
				TARGETED_DEVICE_FAMILY = "1,2";
				TEST_HOST = "$(BUILT_PRODUCTS_DIR)/DiscogsDatabase.app/DiscogsDatabase";
			};
			name = Release;
		};
		DAB007031FC7E10100D667C1 /* Debug */ = {
			isa = XCBuildConfiguration;
			buildSettings = {
				ALWAYS_EMBED_SWIFT_STANDARD_LIBRARIES = YES;
				CODE_SIGN_STYLE = Automatic;
				INFOPLIST_FILE = DiscogsDatabaseUITests/Info.plist;
				LD_RUNPATH_SEARCH_PATHS = "$(inherited) @executable_path/Frameworks @loader_path/Frameworks";
				PRODUCT_BUNDLE_IDENTIFIER = com.DiscogsDatabaseUITests;
				PRODUCT_NAME = "$(TARGET_NAME)";
				SWIFT_VERSION = 4.2;
				TARGETED_DEVICE_FAMILY = "1,2";
				TEST_TARGET_NAME = DiscogsDatabase;
			};
			name = Debug;
		};
		DAB007041FC7E10100D667C1 /* Release */ = {
			isa = XCBuildConfiguration;
			buildSettings = {
				ALWAYS_EMBED_SWIFT_STANDARD_LIBRARIES = YES;
				CODE_SIGN_STYLE = Automatic;
				INFOPLIST_FILE = DiscogsDatabaseUITests/Info.plist;
				LD_RUNPATH_SEARCH_PATHS = "$(inherited) @executable_path/Frameworks @loader_path/Frameworks";
				PRODUCT_BUNDLE_IDENTIFIER = com.DiscogsDatabaseUITests;
				PRODUCT_NAME = "$(TARGET_NAME)";
				SWIFT_VERSION = 4.2;
				TARGETED_DEVICE_FAMILY = "1,2";
				TEST_TARGET_NAME = DiscogsDatabase;
			};
			name = Release;
		};
/* End XCBuildConfiguration section */

/* Begin XCConfigurationList section */
		DAB006CF1FC7E10100D667C1 /* Build configuration list for PBXProject "DiscogsDatabase" */ = {
			isa = XCConfigurationList;
			buildConfigurations = (
				DAB006FA1FC7E10100D667C1 /* Debug */,
				DAB006FB1FC7E10100D667C1 /* Release */,
			);
			defaultConfigurationIsVisible = 0;
			defaultConfigurationName = Release;
		};
		DAB006FC1FC7E10100D667C1 /* Build configuration list for PBXNativeTarget "DiscogsDatabase" */ = {
			isa = XCConfigurationList;
			buildConfigurations = (
				DAB006FD1FC7E10100D667C1 /* Debug */,
				DAB006FE1FC7E10100D667C1 /* Release */,
			);
			defaultConfigurationIsVisible = 0;
			defaultConfigurationName = Release;
		};
		DAB006FF1FC7E10100D667C1 /* Build configuration list for PBXNativeTarget "DiscogsDatabaseTests" */ = {
			isa = XCConfigurationList;
			buildConfigurations = (
				DAB007001FC7E10100D667C1 /* Debug */,
				DAB007011FC7E10100D667C1 /* Release */,
			);
			defaultConfigurationIsVisible = 0;
			defaultConfigurationName = Release;
		};
		DAB007021FC7E10100D667C1 /* Build configuration list for PBXNativeTarget "DiscogsDatabaseUITests" */ = {
			isa = XCConfigurationList;
			buildConfigurations = (
				DAB007031FC7E10100D667C1 /* Debug */,
				DAB007041FC7E10100D667C1 /* Release */,
			);
			defaultConfigurationIsVisible = 0;
			defaultConfigurationName = Release;
		};
/* End XCConfigurationList section */
	};
	rootObject = DAB006CC1FC7E10100D667C1 /* Project object */;
}
